// !$*UTF8*$!
{
	archiveVersion = 1;
	classes = {
	};
	objectVersion = 55;
	objects = {

/* Begin PBXBuildFile section */
		3704C745278D41B000D5D488 /* LoginVKViewController.swift in Sources */ = {isa = PBXBuildFile; fileRef = 3704C744278D41B000D5D488 /* LoginVKViewController.swift */; };
		3715DBD7277D6F4A00FBC3B2 /* FriendListCell.swift in Sources */ = {isa = PBXBuildFile; fileRef = 3715DBD6277D6F4A00FBC3B2 /* FriendListCell.swift */; };
		3732E880277AFA6C0010700E /* NewsViewController.swift in Sources */ = {isa = PBXBuildFile; fileRef = 3732E87F277AFA6C0010700E /* NewsViewController.swift */; };
		3732E882277AFA8F0010700E /* CustomNewsCell.xib in Resources */ = {isa = PBXBuildFile; fileRef = 3732E881277AFA8F0010700E /* CustomNewsCell.xib */; };
		3732E884277AFBAE0010700E /* CustomNewsTableViewCell.swift in Sources */ = {isa = PBXBuildFile; fileRef = 3732E883277AFBAE0010700E /* CustomNewsTableViewCell.swift */; };
		3747C06B275939CC0096FBD4 /* GroupsTableViewController.swift in Sources */ = {isa = PBXBuildFile; fileRef = 3747C06A275939CC0096FBD4 /* GroupsTableViewController.swift */; };
		3747C06D27593A120096FBD4 /* OtherGroupsTableViewController.swift in Sources */ = {isa = PBXBuildFile; fileRef = 3747C06C27593A120096FBD4 /* OtherGroupsTableViewController.swift */; };
		3747C06F27593A4C0096FBD4 /* FriendListTableViewController.swift in Sources */ = {isa = PBXBuildFile; fileRef = 3747C06E27593A4C0096FBD4 /* FriendListTableViewController.swift */; };
		3747C07127593A690096FBD4 /* FriendCollectionViewController.swift in Sources */ = {isa = PBXBuildFile; fileRef = 3747C07027593A690096FBD4 /* FriendCollectionViewController.swift */; };
		376044C5275552EC001E223B /* AppDelegate.swift in Sources */ = {isa = PBXBuildFile; fileRef = 376044C4275552EC001E223B /* AppDelegate.swift */; };
		376044C7275552EC001E223B /* SceneDelegate.swift in Sources */ = {isa = PBXBuildFile; fileRef = 376044C6275552EC001E223B /* SceneDelegate.swift */; };
		376044C9275552EC001E223B /* LoginViewController.swift in Sources */ = {isa = PBXBuildFile; fileRef = 376044C8275552EC001E223B /* LoginViewController.swift */; };
		376044CC275552EC001E223B /* Main.storyboard in Resources */ = {isa = PBXBuildFile; fileRef = 376044CA275552EC001E223B /* Main.storyboard */; };
		376044CE275552ED001E223B /* Assets.xcassets in Resources */ = {isa = PBXBuildFile; fileRef = 376044CD275552ED001E223B /* Assets.xcassets */; };
		376044D1275552ED001E223B /* LaunchScreen.storyboard in Resources */ = {isa = PBXBuildFile; fileRef = 376044CF275552ED001E223B /* LaunchScreen.storyboard */; };
		376044DA27561D28001E223B /* Friend.swift in Sources */ = {isa = PBXBuildFile; fileRef = 376044D927561D28001E223B /* Friend.swift */; };
		376044DC27561D4E001E223B /* Group.swift in Sources */ = {isa = PBXBuildFile; fileRef = 376044DB27561D4E001E223B /* Group.swift */; };
		3762A759277E6380009DEF69 /* CarouselViewController.swift in Sources */ = {isa = PBXBuildFile; fileRef = 3762A758277E6380009DEF69 /* CarouselViewController.swift */; };
		3762A75C277F529D009DEF69 /* CustomNavigationController.swift in Sources */ = {isa = PBXBuildFile; fileRef = 3762A75B277F529D009DEF69 /* CustomNavigationController.swift */; };
		3762A75E277F52C1009DEF69 /* InteractiveTransition.swift in Sources */ = {isa = PBXBuildFile; fileRef = 3762A75D277F52C1009DEF69 /* InteractiveTransition.swift */; };
		3762A761277F532B009DEF69 /* PushAnimator.swift in Sources */ = {isa = PBXBuildFile; fileRef = 3762A760277F532B009DEF69 /* PushAnimator.swift */; };
		3762A763277F5347009DEF69 /* PopAnimator.swift in Sources */ = {isa = PBXBuildFile; fileRef = 3762A762277F5347009DEF69 /* PopAnimator.swift */; };
		3762A766277F566D009DEF69 /* Session.swift in Sources */ = {isa = PBXBuildFile; fileRef = 3762A765277F566D009DEF69 /* Session.swift */; };
		3792FADD27707ABF00FA7EA7 /* FriendsSection.swift in Sources */ = {isa = PBXBuildFile; fileRef = 3792FADC27707ABF00FA7EA7 /* FriendsSection.swift */; };
		3792FAE127707CD000FA7EA7 /* FriendsLoader.swift in Sources */ = {isa = PBXBuildFile; fileRef = 3792FAE027707CD000FA7EA7 /* FriendsLoader.swift */; };
		3792FAF22770BC2000FA7EA7 /* TestView.swift in Sources */ = {isa = PBXBuildFile; fileRef = 3792FAF12770BC2000FA7EA7 /* TestView.swift */; };
		37A685DA27957C7B00AD386F /* FriendService.swift in Sources */ = {isa = PBXBuildFile; fileRef = 37A685D927957C7B00AD386F /* FriendService.swift */; };
		37A685DC27957D3800AD386F /* ImageLoader.swift in Sources */ = {isa = PBXBuildFile; fileRef = 37A685DB27957D3800AD386F /* ImageLoader.swift */; };
		37C3427527661056008F9B9B /* LikeControl.swift in Sources */ = {isa = PBXBuildFile; fileRef = 37C3427427661056008F9B9B /* LikeControl.swift */; };
		37C34277276629C8008F9B9B /* GradientView.swift in Sources */ = {isa = PBXBuildFile; fileRef = 37C34276276629C8008F9B9B /* GradientView.swift */; };
		37CFBF482790648B0020ACC2 /* FriendsVK.swift in Sources */ = {isa = PBXBuildFile; fileRef = 37CFBF472790648B0020ACC2 /* FriendsVK.swift */; };
		37FC1D42275A738A00E06479 /* MyFriendViewCell.swift in Sources */ = {isa = PBXBuildFile; fileRef = 37FC1D41275A738A00E06479 /* MyFriendViewCell.swift */; };
/* End PBXBuildFile section */

/* Begin PBXFileReference section */
		3704C744278D41B000D5D488 /* LoginVKViewController.swift */ = {isa = PBXFileReference; lastKnownFileType = sourcecode.swift; path = LoginVKViewController.swift; sourceTree = "<group>"; };
		3715DBD6277D6F4A00FBC3B2 /* FriendListCell.swift */ = {isa = PBXFileReference; lastKnownFileType = sourcecode.swift; path = FriendListCell.swift; sourceTree = "<group>"; };
		3732E87F277AFA6C0010700E /* NewsViewController.swift */ = {isa = PBXFileReference; lastKnownFileType = sourcecode.swift; path = NewsViewController.swift; sourceTree = "<group>"; };
		3732E881277AFA8F0010700E /* CustomNewsCell.xib */ = {isa = PBXFileReference; lastKnownFileType = file.xib; path = CustomNewsCell.xib; sourceTree = "<group>"; };
		3732E883277AFBAE0010700E /* CustomNewsTableViewCell.swift */ = {isa = PBXFileReference; lastKnownFileType = sourcecode.swift; path = CustomNewsTableViewCell.swift; sourceTree = "<group>"; };
		3747C06A275939CC0096FBD4 /* GroupsTableViewController.swift */ = {isa = PBXFileReference; lastKnownFileType = sourcecode.swift; path = GroupsTableViewController.swift; sourceTree = "<group>"; };
		3747C06C27593A120096FBD4 /* OtherGroupsTableViewController.swift */ = {isa = PBXFileReference; lastKnownFileType = sourcecode.swift; path = OtherGroupsTableViewController.swift; sourceTree = "<group>"; };
		3747C06E27593A4C0096FBD4 /* FriendListTableViewController.swift */ = {isa = PBXFileReference; lastKnownFileType = sourcecode.swift; path = FriendListTableViewController.swift; sourceTree = "<group>"; };
		3747C07027593A690096FBD4 /* FriendCollectionViewController.swift */ = {isa = PBXFileReference; lastKnownFileType = sourcecode.swift; path = FriendCollectionViewController.swift; sourceTree = "<group>"; };
		376044C1275552EC001E223B /* GeekBrains-VK.app */ = {isa = PBXFileReference; explicitFileType = wrapper.application; includeInIndex = 0; path = "GeekBrains-VK.app"; sourceTree = BUILT_PRODUCTS_DIR; };
		376044C4275552EC001E223B /* AppDelegate.swift */ = {isa = PBXFileReference; lastKnownFileType = sourcecode.swift; path = AppDelegate.swift; sourceTree = "<group>"; };
		376044C6275552EC001E223B /* SceneDelegate.swift */ = {isa = PBXFileReference; lastKnownFileType = sourcecode.swift; path = SceneDelegate.swift; sourceTree = "<group>"; };
		376044C8275552EC001E223B /* LoginViewController.swift */ = {isa = PBXFileReference; lastKnownFileType = sourcecode.swift; path = LoginViewController.swift; sourceTree = "<group>"; };
		376044CB275552EC001E223B /* Base */ = {isa = PBXFileReference; lastKnownFileType = file.storyboard; name = Base; path = Base.lproj/Main.storyboard; sourceTree = "<group>"; };
		376044CD275552ED001E223B /* Assets.xcassets */ = {isa = PBXFileReference; lastKnownFileType = folder.assetcatalog; path = Assets.xcassets; sourceTree = "<group>"; };
		376044D0275552ED001E223B /* Base */ = {isa = PBXFileReference; lastKnownFileType = file.storyboard; name = Base; path = Base.lproj/LaunchScreen.storyboard; sourceTree = "<group>"; };
		376044D2275552ED001E223B /* Info.plist */ = {isa = PBXFileReference; lastKnownFileType = text.plist.xml; path = Info.plist; sourceTree = "<group>"; };
		376044D927561D28001E223B /* Friend.swift */ = {isa = PBXFileReference; lastKnownFileType = sourcecode.swift; path = Friend.swift; sourceTree = "<group>"; };
		376044DB27561D4E001E223B /* Group.swift */ = {isa = PBXFileReference; lastKnownFileType = sourcecode.swift; path = Group.swift; sourceTree = "<group>"; };
		3762A758277E6380009DEF69 /* CarouselViewController.swift */ = {isa = PBXFileReference; lastKnownFileType = sourcecode.swift; path = CarouselViewController.swift; sourceTree = "<group>"; };
		3762A75B277F529D009DEF69 /* CustomNavigationController.swift */ = {isa = PBXFileReference; lastKnownFileType = sourcecode.swift; path = CustomNavigationController.swift; sourceTree = "<group>"; };
		3762A75D277F52C1009DEF69 /* InteractiveTransition.swift */ = {isa = PBXFileReference; lastKnownFileType = sourcecode.swift; path = InteractiveTransition.swift; sourceTree = "<group>"; };
		3762A760277F532B009DEF69 /* PushAnimator.swift */ = {isa = PBXFileReference; lastKnownFileType = sourcecode.swift; path = PushAnimator.swift; sourceTree = "<group>"; };
		3762A762277F5347009DEF69 /* PopAnimator.swift */ = {isa = PBXFileReference; lastKnownFileType = sourcecode.swift; path = PopAnimator.swift; sourceTree = "<group>"; };
		3762A765277F566D009DEF69 /* Session.swift */ = {isa = PBXFileReference; lastKnownFileType = sourcecode.swift; path = Session.swift; sourceTree = "<group>"; };
		3792FADC27707ABF00FA7EA7 /* FriendsSection.swift */ = {isa = PBXFileReference; lastKnownFileType = sourcecode.swift; path = FriendsSection.swift; sourceTree = "<group>"; };
		3792FAE027707CD000FA7EA7 /* FriendsLoader.swift */ = {isa = PBXFileReference; lastKnownFileType = sourcecode.swift; path = FriendsLoader.swift; sourceTree = "<group>"; };
		3792FAF12770BC2000FA7EA7 /* TestView.swift */ = {isa = PBXFileReference; lastKnownFileType = sourcecode.swift; path = TestView.swift; sourceTree = "<group>"; };
		37A685D927957C7B00AD386F /* FriendService.swift */ = {isa = PBXFileReference; lastKnownFileType = sourcecode.swift; path = FriendService.swift; sourceTree = "<group>"; };
		37A685DB27957D3800AD386F /* ImageLoader.swift */ = {isa = PBXFileReference; lastKnownFileType = sourcecode.swift; path = ImageLoader.swift; sourceTree = "<group>"; };
		37C3427427661056008F9B9B /* LikeControl.swift */ = {isa = PBXFileReference; lastKnownFileType = sourcecode.swift; path = LikeControl.swift; sourceTree = "<group>"; };
		37C34276276629C8008F9B9B /* GradientView.swift */ = {isa = PBXFileReference; lastKnownFileType = sourcecode.swift; path = GradientView.swift; sourceTree = "<group>"; };
		37CFBF472790648B0020ACC2 /* FriendsVK.swift */ = {isa = PBXFileReference; lastKnownFileType = sourcecode.swift; path = FriendsVK.swift; sourceTree = "<group>"; };
		37FC1D41275A738A00E06479 /* MyFriendViewCell.swift */ = {isa = PBXFileReference; lastKnownFileType = sourcecode.swift; path = MyFriendViewCell.swift; sourceTree = "<group>"; };
/* End PBXFileReference section */

/* Begin PBXFrameworksBuildPhase section */
		376044BE275552EC001E223B /* Frameworks */ = {
			isa = PBXFrameworksBuildPhase;
			buildActionMask = 2147483647;
			files = (
			);
			runOnlyForDeploymentPostprocessing = 0;
		};
/* End PBXFrameworksBuildPhase section */

/* Begin PBXGroup section */
		3715DBD5277D6F2400FBC3B2 /* Cell */ = {
			isa = PBXGroup;
			children = (
				3715DBD6277D6F4A00FBC3B2 /* FriendListCell.swift */,
			);
			path = Cell;
			sourceTree = "<group>";
		};
		3732E87C277AFA1A0010700E /* News */ = {
			isa = PBXGroup;
			children = (
				3732E87D277AFA250010700E /* CustomNewsCell */,
				3732E87F277AFA6C0010700E /* NewsViewController.swift */,
			);
			path = News;
			sourceTree = "<group>";
		};
		3732E87D277AFA250010700E /* CustomNewsCell */ = {
			isa = PBXGroup;
			children = (
				3732E881277AFA8F0010700E /* CustomNewsCell.xib */,
				3732E883277AFBAE0010700E /* CustomNewsTableViewCell.swift */,
			);
			path = CustomNewsCell;
			sourceTree = "<group>";
		};
		3749D1FB276B21CC00B28B6E /* GroupsController */ = {
			isa = PBXGroup;
			children = (
				3792FAED2770B55A00FA7EA7 /* AllGroupsController */,
				3792FAEF2770B5CB00FA7EA7 /* MyGroupsController */,
			);
			path = GroupsController;
			sourceTree = "<group>";
		};
		376044B8275552EC001E223B = {
			isa = PBXGroup;
			children = (
				376044C3275552EC001E223B /* GeekBrains-VK */,
				376044C2275552EC001E223B /* Products */,
			);
			sourceTree = "<group>";
		};
		376044C2275552EC001E223B /* Products */ = {
			isa = PBXGroup;
			children = (
				376044C1275552EC001E223B /* GeekBrains-VK.app */,
			);
			name = Products;
			sourceTree = "<group>";
		};
		376044C3275552EC001E223B /* GeekBrains-VK */ = {
			isa = PBXGroup;
			children = (
				3762A764277F555D009DEF69 /* Network */,
				3762A75A277F5271009DEF69 /* CustomNavigationController */,
				3732E87C277AFA1A0010700E /* News */,
				3749D1FB276B21CC00B28B6E /* GroupsController */,
				3792FAE62770B3C900FA7EA7 /* FriendsControllers */,
				37C3426F2765ECF1008F9B9B /* Controllers */,
				3792FAEC2770B53500FA7EA7 /* AppFiles */,
				376044CA275552EC001E223B /* Main.storyboard */,
				376044CD275552ED001E223B /* Assets.xcassets */,
				376044CF275552ED001E223B /* LaunchScreen.storyboard */,
				376044D2275552ED001E223B /* Info.plist */,
			);
			path = "GeekBrains-VK";
			sourceTree = "<group>";
		};
		3762A75A277F5271009DEF69 /* CustomNavigationController */ = {
			isa = PBXGroup;
			children = (
				3762A75F277F5310009DEF69 /* Animators */,
				3762A75B277F529D009DEF69 /* CustomNavigationController.swift */,
				3762A75D277F52C1009DEF69 /* InteractiveTransition.swift */,
			);
			path = CustomNavigationController;
			sourceTree = "<group>";
		};
		3762A75F277F5310009DEF69 /* Animators */ = {
			isa = PBXGroup;
			children = (
				3762A760277F532B009DEF69 /* PushAnimator.swift */,
				3762A762277F5347009DEF69 /* PopAnimator.swift */,
			);
			path = Animators;
			sourceTree = "<group>";
		};
		3762A764277F555D009DEF69 /* Network */ = {
			isa = PBXGroup;
			children = (
				37CFBF46279064690020ACC2 /* Photos */,
				37CFBF45279064580020ACC2 /* Groups */,
				37CFBF44279064460020ACC2 /* Friends */,
				3762A765277F566D009DEF69 /* Session.swift */,
				3704C744278D41B000D5D488 /* LoginVKViewController.swift */,
			);
			path = Network;
			sourceTree = "<group>";
		};
		3792FAE62770B3C900FA7EA7 /* FriendsControllers */ = {
			isa = PBXGroup;
			children = (
				3792FAE72770B3F300FA7EA7 /* CurrentFriend */,
				3792FAE92770B45800FA7EA7 /* FriendsList */,
				3762A758277E6380009DEF69 /* CarouselViewController.swift */,
			);
			path = FriendsControllers;
			sourceTree = "<group>";
		};
		3792FAE72770B3F300FA7EA7 /* CurrentFriend */ = {
			isa = PBXGroup;
			children = (
				3792FAE82770B40300FA7EA7 /* Cell */,
				3747C07027593A690096FBD4 /* FriendCollectionViewController.swift */,
			);
			path = CurrentFriend;
			sourceTree = "<group>";
		};
		3792FAE82770B40300FA7EA7 /* Cell */ = {
			isa = PBXGroup;
			children = (
				37FC1D41275A738A00E06479 /* MyFriendViewCell.swift */,
			);
			path = Cell;
			sourceTree = "<group>";
		};
		3792FAE92770B45800FA7EA7 /* FriendsList */ = {
			isa = PBXGroup;
			children = (
				3715DBD5277D6F2400FBC3B2 /* Cell */,
				3792FAEA2770B47100FA7EA7 /* Model */,
				3792FAEB2770B48800FA7EA7 /* Loader */,
				3747C06E27593A4C0096FBD4 /* FriendListTableViewController.swift */,
			);
			path = FriendsList;
			sourceTree = "<group>";
		};
		3792FAEA2770B47100FA7EA7 /* Model */ = {
			isa = PBXGroup;
			children = (
				376044D927561D28001E223B /* Friend.swift */,
			);
			path = Model;
			sourceTree = "<group>";
		};
		3792FAEB2770B48800FA7EA7 /* Loader */ = {
			isa = PBXGroup;
			children = (
				3792FADC27707ABF00FA7EA7 /* FriendsSection.swift */,
				3792FAE027707CD000FA7EA7 /* FriendsLoader.swift */,
			);
			path = Loader;
			sourceTree = "<group>";
		};
		3792FAEC2770B53500FA7EA7 /* AppFiles */ = {
			isa = PBXGroup;
			children = (
				376044C4275552EC001E223B /* AppDelegate.swift */,
				376044C6275552EC001E223B /* SceneDelegate.swift */,
			);
			path = AppFiles;
			sourceTree = "<group>";
		};
		3792FAED2770B55A00FA7EA7 /* AllGroupsController */ = {
			isa = PBXGroup;
			children = (
				3792FAEE2770B57800FA7EA7 /* GroupsLoader */,
				3747C06C27593A120096FBD4 /* OtherGroupsTableViewController.swift */,
			);
			path = AllGroupsController;
			sourceTree = "<group>";
		};
		3792FAEE2770B57800FA7EA7 /* GroupsLoader */ = {
			isa = PBXGroup;
			children = (
				376044DB27561D4E001E223B /* Group.swift */,
			);
			path = GroupsLoader;
			sourceTree = "<group>";
		};
		3792FAEF2770B5CB00FA7EA7 /* MyGroupsController */ = {
			isa = PBXGroup;
			children = (
				3747C06A275939CC0096FBD4 /* GroupsTableViewController.swift */,
			);
			path = MyGroupsController;
			sourceTree = "<group>";
		};
		37C3426F2765ECF1008F9B9B /* Controllers */ = {
			isa = PBXGroup;
			children = (
				376044C8275552EC001E223B /* LoginViewController.swift */,
				37C3427427661056008F9B9B /* LikeControl.swift */,
				37C34276276629C8008F9B9B /* GradientView.swift */,
				3792FAF12770BC2000FA7EA7 /* TestView.swift */,
			);
			path = Controllers;
			sourceTree = "<group>";
		};
		37CFBF44279064460020ACC2 /* Friends */ = {
			isa = PBXGroup;
			children = (
				37CFBF472790648B0020ACC2 /* FriendsVK.swift */,
				37A685D927957C7B00AD386F /* FriendService.swift */,
				37A685DB27957D3800AD386F /* ImageLoader.swift */,
			);
			path = Friends;
			sourceTree = "<group>";
		};
		37CFBF45279064580020ACC2 /* Groups */ = {
			isa = PBXGroup;
			children = (
			);
			path = Groups;
			sourceTree = "<group>";
		};
		37CFBF46279064690020ACC2 /* Photos */ = {
			isa = PBXGroup;
			children = (
			);
			path = Photos;
			sourceTree = "<group>";
		};
/* End PBXGroup section */

/* Begin PBXNativeTarget section */
		376044C0275552EC001E223B /* GeekBrains-VK */ = {
			isa = PBXNativeTarget;
			buildConfigurationList = 376044D5275552ED001E223B /* Build configuration list for PBXNativeTarget "GeekBrains-VK" */;
			buildPhases = (
				376044BD275552EC001E223B /* Sources */,
				376044BE275552EC001E223B /* Frameworks */,
				376044BF275552EC001E223B /* Resources */,
			);
			buildRules = (
			);
			dependencies = (
			);
			name = "GeekBrains-VK";
			productName = "GeekBrains-VK";
			productReference = 376044C1275552EC001E223B /* GeekBrains-VK.app */;
			productType = "com.apple.product-type.application";
		};
/* End PBXNativeTarget section */

/* Begin PBXProject section */
		376044B9275552EC001E223B /* Project object */ = {
			isa = PBXProject;
			attributes = {
				BuildIndependentTargetsInParallel = 1;
				LastSwiftUpdateCheck = 1310;
				LastUpgradeCheck = 1310;
				TargetAttributes = {
					376044C0275552EC001E223B = {
						CreatedOnToolsVersion = 13.1;
					};
				};
			};
			buildConfigurationList = 376044BC275552EC001E223B /* Build configuration list for PBXProject "GeekBrains-VK" */;
			compatibilityVersion = "Xcode 13.0";
			developmentRegion = en;
			hasScannedForEncodings = 0;
			knownRegions = (
				en,
				Base,
			);
			mainGroup = 376044B8275552EC001E223B;
			productRefGroup = 376044C2275552EC001E223B /* Products */;
			projectDirPath = "";
			projectRoot = "";
			targets = (
				376044C0275552EC001E223B /* GeekBrains-VK */,
			);
		};
/* End PBXProject section */

/* Begin PBXResourcesBuildPhase section */
		376044BF275552EC001E223B /* Resources */ = {
			isa = PBXResourcesBuildPhase;
			buildActionMask = 2147483647;
			files = (
				376044D1275552ED001E223B /* LaunchScreen.storyboard in Resources */,
				376044CE275552ED001E223B /* Assets.xcassets in Resources */,
				3732E882277AFA8F0010700E /* CustomNewsCell.xib in Resources */,
				376044CC275552EC001E223B /* Main.storyboard in Resources */,
			);
			runOnlyForDeploymentPostprocessing = 0;
		};
/* End PBXResourcesBuildPhase section */

/* Begin PBXSourcesBuildPhase section */
		376044BD275552EC001E223B /* Sources */ = {
			isa = PBXSourcesBuildPhase;
			buildActionMask = 2147483647;
			files = (
				3704C745278D41B000D5D488 /* LoginVKViewController.swift in Sources */,
				3762A763277F5347009DEF69 /* PopAnimator.swift in Sources */,
				37FC1D42275A738A00E06479 /* MyFriendViewCell.swift in Sources */,
				3715DBD7277D6F4A00FBC3B2 /* FriendListCell.swift in Sources */,
				376044DA27561D28001E223B /* Friend.swift in Sources */,
				37A685DA27957C7B00AD386F /* FriendService.swift in Sources */,
				3792FAE127707CD000FA7EA7 /* FriendsLoader.swift in Sources */,
				3747C07127593A690096FBD4 /* FriendCollectionViewController.swift in Sources */,
				3792FADD27707ABF00FA7EA7 /* FriendsSection.swift in Sources */,
				3762A759277E6380009DEF69 /* CarouselViewController.swift in Sources */,
				37C34277276629C8008F9B9B /* GradientView.swift in Sources */,
				3792FAF22770BC2000FA7EA7 /* TestView.swift in Sources */,
				3747C06F27593A4C0096FBD4 /* FriendListTableViewController.swift in Sources */,
				376044C9275552EC001E223B /* LoginViewController.swift in Sources */,
				37A685DC27957D3800AD386F /* ImageLoader.swift in Sources */,
				376044C5275552EC001E223B /* AppDelegate.swift in Sources */,
				3762A761277F532B009DEF69 /* PushAnimator.swift in Sources */,
				376044DC27561D4E001E223B /* Group.swift in Sources */,
				376044C7275552EC001E223B /* SceneDelegate.swift in Sources */,
				3762A766277F566D009DEF69 /* Session.swift in Sources */,
				3732E884277AFBAE0010700E /* CustomNewsTableViewCell.swift in Sources */,
				37CFBF482790648B0020ACC2 /* FriendsVK.swift in Sources */,
				37C3427527661056008F9B9B /* LikeControl.swift in Sources */,
				3762A75C277F529D009DEF69 /* CustomNavigationController.swift in Sources */,
				3762A75E277F52C1009DEF69 /* InteractiveTransition.swift in Sources */,
				3747C06D27593A120096FBD4 /* OtherGroupsTableViewController.swift in Sources */,
				3747C06B275939CC0096FBD4 /* GroupsTableViewController.swift in Sources */,
				3732E880277AFA6C0010700E /* NewsViewController.swift in Sources */,
			);
			runOnlyForDeploymentPostprocessing = 0;
		};
/* End PBXSourcesBuildPhase section */

/* Begin PBXVariantGroup section */
		376044CA275552EC001E223B /* Main.storyboard */ = {
			isa = PBXVariantGroup;
			children = (
				376044CB275552EC001E223B /* Base */,
			);
			name = Main.storyboard;
			sourceTree = "<group>";
		};
		376044CF275552ED001E223B /* LaunchScreen.storyboard */ = {
			isa = PBXVariantGroup;
			children = (
				376044D0275552ED001E223B /* Base */,
			);
			name = LaunchScreen.storyboard;
			sourceTree = "<group>";
		};
/* End PBXVariantGroup section */

/* Begin XCBuildConfiguration section */
		376044D3275552ED001E223B /* Debug */ = {
			isa = XCBuildConfiguration;
			buildSettings = {
				ALWAYS_SEARCH_USER_PATHS = NO;
				CLANG_ANALYZER_NONNULL = YES;
				CLANG_ANALYZER_NUMBER_OBJECT_CONVERSION = YES_AGGRESSIVE;
				CLANG_CXX_LANGUAGE_STANDARD = "gnu++17";
				CLANG_CXX_LIBRARY = "libc++";
				CLANG_ENABLE_MODULES = YES;
				CLANG_ENABLE_OBJC_ARC = YES;
				CLANG_ENABLE_OBJC_WEAK = YES;
				CLANG_WARN_BLOCK_CAPTURE_AUTORELEASING = YES;
				CLANG_WARN_BOOL_CONVERSION = YES;
				CLANG_WARN_COMMA = YES;
				CLANG_WARN_CONSTANT_CONVERSION = YES;
				CLANG_WARN_DEPRECATED_OBJC_IMPLEMENTATIONS = YES;
				CLANG_WARN_DIRECT_OBJC_ISA_USAGE = YES_ERROR;
				CLANG_WARN_DOCUMENTATION_COMMENTS = YES;
				CLANG_WARN_EMPTY_BODY = YES;
				CLANG_WARN_ENUM_CONVERSION = YES;
				CLANG_WARN_INFINITE_RECURSION = YES;
				CLANG_WARN_INT_CONVERSION = YES;
				CLANG_WARN_NON_LITERAL_NULL_CONVERSION = YES;
				CLANG_WARN_OBJC_IMPLICIT_RETAIN_SELF = YES;
				CLANG_WARN_OBJC_LITERAL_CONVERSION = YES;
				CLANG_WARN_OBJC_ROOT_CLASS = YES_ERROR;
				CLANG_WARN_QUOTED_INCLUDE_IN_FRAMEWORK_HEADER = YES;
				CLANG_WARN_RANGE_LOOP_ANALYSIS = YES;
				CLANG_WARN_STRICT_PROTOTYPES = YES;
				CLANG_WARN_SUSPICIOUS_MOVE = YES;
				CLANG_WARN_UNGUARDED_AVAILABILITY = YES_AGGRESSIVE;
				CLANG_WARN_UNREACHABLE_CODE = YES;
				CLANG_WARN__DUPLICATE_METHOD_MATCH = YES;
				COPY_PHASE_STRIP = NO;
				DEBUG_INFORMATION_FORMAT = dwarf;
				ENABLE_STRICT_OBJC_MSGSEND = YES;
				ENABLE_TESTABILITY = YES;
				GCC_C_LANGUAGE_STANDARD = gnu11;
				GCC_DYNAMIC_NO_PIC = NO;
				GCC_NO_COMMON_BLOCKS = YES;
				GCC_OPTIMIZATION_LEVEL = 0;
				GCC_PREPROCESSOR_DEFINITIONS = (
					"DEBUG=1",
					"$(inherited)",
				);
				GCC_WARN_64_TO_32_BIT_CONVERSION = YES;
				GCC_WARN_ABOUT_RETURN_TYPE = YES_ERROR;
				GCC_WARN_UNDECLARED_SELECTOR = YES;
				GCC_WARN_UNINITIALIZED_AUTOS = YES_AGGRESSIVE;
				GCC_WARN_UNUSED_FUNCTION = YES;
				GCC_WARN_UNUSED_VARIABLE = YES;
				IPHONEOS_DEPLOYMENT_TARGET = 15.0;
				MTL_ENABLE_DEBUG_INFO = INCLUDE_SOURCE;
				MTL_FAST_MATH = YES;
				ONLY_ACTIVE_ARCH = YES;
				SDKROOT = iphoneos;
				SWIFT_ACTIVE_COMPILATION_CONDITIONS = DEBUG;
				SWIFT_OPTIMIZATION_LEVEL = "-Onone";
			};
			name = Debug;
		};
		376044D4275552ED001E223B /* Release */ = {
			isa = XCBuildConfiguration;
			buildSettings = {
				ALWAYS_SEARCH_USER_PATHS = NO;
				CLANG_ANALYZER_NONNULL = YES;
				CLANG_ANALYZER_NUMBER_OBJECT_CONVERSION = YES_AGGRESSIVE;
				CLANG_CXX_LANGUAGE_STANDARD = "gnu++17";
				CLANG_CXX_LIBRARY = "libc++";
				CLANG_ENABLE_MODULES = YES;
				CLANG_ENABLE_OBJC_ARC = YES;
				CLANG_ENABLE_OBJC_WEAK = YES;
				CLANG_WARN_BLOCK_CAPTURE_AUTORELEASING = YES;
				CLANG_WARN_BOOL_CONVERSION = YES;
				CLANG_WARN_COMMA = YES;
				CLANG_WARN_CONSTANT_CONVERSION = YES;
				CLANG_WARN_DEPRECATED_OBJC_IMPLEMENTATIONS = YES;
				CLANG_WARN_DIRECT_OBJC_ISA_USAGE = YES_ERROR;
				CLANG_WARN_DOCUMENTATION_COMMENTS = YES;
				CLANG_WARN_EMPTY_BODY = YES;
				CLANG_WARN_ENUM_CONVERSION = YES;
				CLANG_WARN_INFINITE_RECURSION = YES;
				CLANG_WARN_INT_CONVERSION = YES;
				CLANG_WARN_NON_LITERAL_NULL_CONVERSION = YES;
				CLANG_WARN_OBJC_IMPLICIT_RETAIN_SELF = YES;
				CLANG_WARN_OBJC_LITERAL_CONVERSION = YES;
				CLANG_WARN_OBJC_ROOT_CLASS = YES_ERROR;
				CLANG_WARN_QUOTED_INCLUDE_IN_FRAMEWORK_HEADER = YES;
				CLANG_WARN_RANGE_LOOP_ANALYSIS = YES;
				CLANG_WARN_STRICT_PROTOTYPES = YES;
				CLANG_WARN_SUSPICIOUS_MOVE = YES;
				CLANG_WARN_UNGUARDED_AVAILABILITY = YES_AGGRESSIVE;
				CLANG_WARN_UNREACHABLE_CODE = YES;
				CLANG_WARN__DUPLICATE_METHOD_MATCH = YES;
				COPY_PHASE_STRIP = NO;
				DEBUG_INFORMATION_FORMAT = "dwarf-with-dsym";
				ENABLE_NS_ASSERTIONS = NO;
				ENABLE_STRICT_OBJC_MSGSEND = YES;
				GCC_C_LANGUAGE_STANDARD = gnu11;
				GCC_NO_COMMON_BLOCKS = YES;
				GCC_WARN_64_TO_32_BIT_CONVERSION = YES;
				GCC_WARN_ABOUT_RETURN_TYPE = YES_ERROR;
				GCC_WARN_UNDECLARED_SELECTOR = YES;
				GCC_WARN_UNINITIALIZED_AUTOS = YES_AGGRESSIVE;
				GCC_WARN_UNUSED_FUNCTION = YES;
				GCC_WARN_UNUSED_VARIABLE = YES;
				IPHONEOS_DEPLOYMENT_TARGET = 15.0;
				MTL_ENABLE_DEBUG_INFO = NO;
				MTL_FAST_MATH = YES;
				SDKROOT = iphoneos;
				SWIFT_COMPILATION_MODE = wholemodule;
				SWIFT_OPTIMIZATION_LEVEL = "-O";
				VALIDATE_PRODUCT = YES;
			};
			name = Release;
		};
		376044D6275552ED001E223B /* Debug */ = {
			isa = XCBuildConfiguration;
			buildSettings = {
				ASSETCATALOG_COMPILER_APPICON_NAME = AppIcon;
				ASSETCATALOG_COMPILER_GLOBAL_ACCENT_COLOR_NAME = AccentColor;
				CODE_SIGN_STYLE = Automatic;
				CURRENT_PROJECT_VERSION = 1;
				DEVELOPMENT_TEAM = X8852RDP32;
				GENERATE_INFOPLIST_FILE = YES;
				INFOPLIST_FILE = "GeekBrains-VK/Info.plist";
				INFOPLIST_KEY_UIApplicationSupportsIndirectInputEvents = YES;
				INFOPLIST_KEY_UILaunchStoryboardName = LaunchScreen;
				INFOPLIST_KEY_UIMainStoryboardFile = Main;
				INFOPLIST_KEY_UISupportedInterfaceOrientations = UIInterfaceOrientationPortrait;
				INFOPLIST_KEY_UISupportedInterfaceOrientations_iPad = "UIInterfaceOrientationPortrait UIInterfaceOrientationPortraitUpsideDown UIInterfaceOrientationLandscapeLeft UIInterfaceOrientationLandscapeRight";
				INFOPLIST_KEY_UISupportedInterfaceOrientations_iPhone = "UIInterfaceOrientationPortrait UIInterfaceOrientationLandscapeLeft UIInterfaceOrientationLandscapeRight";
				LD_RUNPATH_SEARCH_PATHS = (
					"$(inherited)",
					"@executable_path/Frameworks",
				);
				MARKETING_VERSION = 1.0;
				PRODUCT_BUNDLE_IDENTIFIER = "com.superstarper.GeekBrains-VK";
				PRODUCT_NAME = "$(TARGET_NAME)";
				SWIFT_EMIT_LOC_STRINGS = YES;
				SWIFT_VERSION = 5.0;
				TARGETED_DEVICE_FAMILY = "1,2";
			};
			name = Debug;
		};
		376044D7275552ED001E223B /* Release */ = {
			isa = XCBuildConfiguration;
			buildSettings = {
				ASSETCATALOG_COMPILER_APPICON_NAME = AppIcon;
				ASSETCATALOG_COMPILER_GLOBAL_ACCENT_COLOR_NAME = AccentColor;
				CODE_SIGN_STYLE = Automatic;
				CURRENT_PROJECT_VERSION = 1;
				DEVELOPMENT_TEAM = X8852RDP32;
				GENERATE_INFOPLIST_FILE = YES;
				INFOPLIST_FILE = "GeekBrains-VK/Info.plist";
				INFOPLIST_KEY_UIApplicationSupportsIndirectInputEvents = YES;
				INFOPLIST_KEY_UILaunchStoryboardName = LaunchScreen;
				INFOPLIST_KEY_UIMainStoryboardFile = Main;
				INFOPLIST_KEY_UISupportedInterfaceOrientations = UIInterfaceOrientationPortrait;
				INFOPLIST_KEY_UISupportedInterfaceOrientations_iPad = "UIInterfaceOrientationPortrait UIInterfaceOrientationPortraitUpsideDown UIInterfaceOrientationLandscapeLeft UIInterfaceOrientationLandscapeRight";
				INFOPLIST_KEY_UISupportedInterfaceOrientations_iPhone = "UIInterfaceOrientationPortrait UIInterfaceOrientationLandscapeLeft UIInterfaceOrientationLandscapeRight";
				LD_RUNPATH_SEARCH_PATHS = (
					"$(inherited)",
					"@executable_path/Frameworks",
				);
				MARKETING_VERSION = 1.0;
				PRODUCT_BUNDLE_IDENTIFIER = "com.superstarper.GeekBrains-VK";
				PRODUCT_NAME = "$(TARGET_NAME)";
				SWIFT_EMIT_LOC_STRINGS = YES;
				SWIFT_VERSION = 5.0;
				TARGETED_DEVICE_FAMILY = "1,2";
			};
			name = Release;
		};
/* End XCBuildConfiguration section */

/* Begin XCConfigurationList section */
		376044BC275552EC001E223B /* Build configuration list for PBXProject "GeekBrains-VK" */ = {
			isa = XCConfigurationList;
			buildConfigurations = (
				376044D3275552ED001E223B /* Debug */,
				376044D4275552ED001E223B /* Release */,
			);
			defaultConfigurationIsVisible = 0;
			defaultConfigurationName = Release;
		};
		376044D5275552ED001E223B /* Build configuration list for PBXNativeTarget "GeekBrains-VK" */ = {
			isa = XCConfigurationList;
			buildConfigurations = (
				376044D6275552ED001E223B /* Debug */,
				376044D7275552ED001E223B /* Release */,
			);
			defaultConfigurationIsVisible = 0;
			defaultConfigurationName = Release;
		};
/* End XCConfigurationList section */
	};
	rootObject = 376044B9275552EC001E223B /* Project object */;
}
